
Microsoft Visual Studio Solution File, Format Version 12.00
# Visual Studio Version 17
VisualStudioVersion = 17.4.33213.308
MinimumVisualStudioVersion = 10.0.40219.1
Project("{FAE04EC0-301F-11D3-BF4B-00C04F79EFBC}") = "EmployeeCentralApiRest", "EmployeeCentralApiRest\EmployeeCentralApiRest.csproj", "{408D906D-79B5-487E-A603-B74FD02FA745}"
EndProject
Global
	GlobalSection(SolutionConfigurationPlatforms) = preSolution
		Debug|Any CPU = Debug|Any CPU
		Release|Any CPU = Release|Any CPU
	EndGlobalSection
	GlobalSection(ProjectConfigurationPlatforms) = postSolution
		{408D906D-79B5-487E-A603-B74FD02FA745}.Debug|Any CPU.ActiveCfg = Debug|Any CPU
		{408D906D-79B5-487E-A603-B74FD02FA745}.Debug|Any CPU.Build.0 = Debug|Any CPU
		{408D906D-79B5-487E-A603-B74FD02FA745}.Release|Any CPU.ActiveCfg = Release|Any CPU
		{408D906D-79B5-487E-A603-B74FD02FA745}.Release|Any CPU.Build.0 = Release|Any CPU
	EndGlobalSection
	GlobalSection(SolutionProperties) = preSolution
		HideSolutionNode = FALSE
	EndGlobalSection
	GlobalSection(ExtensibilityGlobals) = postSolution
		SolutionGuid = {523C343D-E3B2-4F72-8E64-001C840879A1}
	EndGlobalSection
EndGlobal
